
Microsoft Visual Studio Solution File, Format Version 12.00
# Visual Studio Version 17
VisualStudioVersion = 17.8.34408.163
MinimumVisualStudioVersion = 10.0.40219.1
Project("{FAE04EC0-301F-11D3-BF4B-00C04F79EFBC}") = "TheWaterProject", "TheWaterProject\TheWaterProject.csproj", "{4E2AC71C-D823-4308-912B-3EAE91CF9578}"
EndProject
Global
	GlobalSection(SolutionConfigurationPlatforms) = preSolution
		Debug|Any CPU = Debug|Any CPU
		Release|Any CPU = Release|Any CPU
	EndGlobalSection
	GlobalSection(ProjectConfigurationPlatforms) = postSolution
		{4E2AC71C-D823-4308-912B-3EAE91CF9578}.Debug|Any CPU.ActiveCfg = Debug|Any CPU
		{4E2AC71C-D823-4308-912B-3EAE91CF9578}.Debug|Any CPU.Build.0 = Debug|Any CPU
		{4E2AC71C-D823-4308-912B-3EAE91CF9578}.Release|Any CPU.ActiveCfg = Release|Any CPU
		{4E2AC71C-D823-4308-912B-3EAE91CF9578}.Release|Any CPU.Build.0 = Release|Any CPU
	EndGlobalSection
	GlobalSection(SolutionProperties) = preSolution
		HideSolutionNode = FALSE
	EndGlobalSection
	GlobalSection(ExtensibilityGlobals) = postSolution
		SolutionGuid = {182A801C-CF17-4967-A942-4C3306836681}
	EndGlobalSection
EndGlobal
